
Microsoft Visual Studio Solution File, Format Version 12.00
# Visual Studio Version 17
VisualStudioVersion = 17.2.32616.157
MinimumVisualStudioVersion = 10.0.40219.1
Project("{F184B08F-C81C-45F6-A57F-5ABD9991F28F}") = "2DBlender", "2DBlender\2DBlender.vbproj", "{D72AF88D-1E81-4CF0-8985-EF02CEB006BD}"
EndProject
Project("{2150E333-8FDC-42A3-9474-1A3956D46DE8}") = "Solution Items", "Solution Items", "{719EDBBF-2D08-4253-BD09-51A399E4CBC8}"
	ProjectSection(SolutionItems) = preProject
		.editorconfig = .editorconfig
	EndProjectSection
EndProject
Global
	GlobalSection(SolutionConfigurationPlatforms) = preSolution
		Debug|Any CPU = Debug|Any CPU
		Release|Any CPU = Release|Any CPU
	EndGlobalSection
	GlobalSection(ProjectConfigurationPlatforms) = postSolution
		{D72AF88D-1E81-4CF0-8985-EF02CEB006BD}.Debug|Any CPU.ActiveCfg = Debug|Any CPU
		{D72AF88D-1E81-4CF0-8985-EF02CEB006BD}.Debug|Any CPU.Build.0 = Debug|Any CPU
		{D72AF88D-1E81-4CF0-8985-EF02CEB006BD}.Release|Any CPU.ActiveCfg = Release|Any CPU
		{D72AF88D-1E81-4CF0-8985-EF02CEB006BD}.Release|Any CPU.Build.0 = Release|Any CPU
	EndGlobalSection
	GlobalSection(SolutionProperties) = preSolution
		HideSolutionNode = FALSE
	EndGlobalSection
	GlobalSection(ExtensibilityGlobals) = postSolution
		SolutionGuid = {2049823E-FD32-4E2D-83BD-2EC64BD72AAC}
	EndGlobalSection
EndGlobal
